PODS:
  - Alamofire (5.6.1)
  - Realm (10.25.2):
    - Realm/Headers (= 10.25.2)
  - Realm/Headers (10.25.2)
  - RealmSwift (10.25.2):
    - Realm (= 10.25.2)
  - SDWebImage (5.12.5):
    - SDWebImage/Core (= 5.12.5)
  - SDWebImage/Core (5.12.5)
  - SideMenu (6.5.0)
  - UPCarouselFlowLayout (1.1.2)
  - Wormholy (1.6.5)

DEPENDENCIES:
  - Alamofire (~> 5.5)
  - RealmSwift
  - SDWebImage (~> 5.0)
  - SideMenu
  - UPCarouselFlowLayout
  - Wormholy

SPEC REPOS:
  trunk:
    - Alamofire
    - Realm
    - RealmSwift
    - SDWebImage
    - SideMenu
    - UPCarouselFlowLayout
    - Wormholy

SPEC CHECKSUMS:
  Alamofire: 87bd8c952f9a4454320fce00d9cc3de57bcadaf5
  Realm: 978303663d0509166498f423d112e5ee97d4c91b
  RealmSwift: a0c30c1efc49e928a0a6f8fb141bb2629616d79b
  SDWebImage: 0905f1b7760fc8ac4198cae0036600d67478751e
  SideMenu: f583187d21c5b1dd04c72002be544b555a2627a2
  UPCarouselFlowLayout: 4c7d2c43a10ebb1597bde502a53699d378341dad
  Wormholy: 3252bc3e55a1847ef9a0976c1377bd77bf3635fa

PODFILE CHECKSUM: 9c72785bab074d5d735ece2dfa3cd45908fd4353

COCOAPODS: 1.11.2
