// !$*UTF8*$!
{
	archiveVersion = 1;
	classes = {
	};
	objectVersion = 55;
	objects = {

/* Begin PBXBuildFile section */
		950BBDFE568F5459239E191A /* Pods_MovieBookingApp.framework in Frameworks */ = {isa = PBXBuildFile; fileRef = 487A12831EEEAF5DCCC2B456 /* Pods_MovieBookingApp.framework */; };
		9912E89B281BE57C00DB1D87 /* BaseResponse.swift in Sources */ = {isa = PBXBuildFile; fileRef = 9912E89A281BE57C00DB1D87 /* BaseResponse.swift */; };
		9912E89D281BEBBB00DB1D87 /* CinemaResponse.swift in Sources */ = {isa = PBXBuildFile; fileRef = 9912E89C281BEBBB00DB1D87 /* CinemaResponse.swift */; };
		9923183F27C356E00073E2DF /* UIView+Extension.swift in Sources */ = {isa = PBXBuildFile; fileRef = 9923183E27C356E00073E2DF /* UIView+Extension.swift */; };
		9923184127C357020073E2DF /* UITextField+Extension.swift in Sources */ = {isa = PBXBuildFile; fileRef = 9923184027C357020073E2DF /* UITextField+Extension.swift */; };
		9923184327C3571E0073E2DF /* UIViewController+Extension.swift in Sources */ = {isa = PBXBuildFile; fileRef = 9923184227C3571E0073E2DF /* UIViewController+Extension.swift */; };
		9923184527C357380073E2DF /* UICollectionView+Extension.swift in Sources */ = {isa = PBXBuildFile; fileRef = 9923184427C357380073E2DF /* UICollectionView+Extension.swift */; };
		9923184727C3790D0073E2DF /* MovieDetailViewController.swift in Sources */ = {isa = PBXBuildFile; fileRef = 9923184627C3790D0073E2DF /* MovieDetailViewController.swift */; };
		9929D84027C8A064002B72DE /* ComboSetTableViewCell.swift in Sources */ = {isa = PBXBuildFile; fileRef = 9929D83E27C8A064002B72DE /* ComboSetTableViewCell.swift */; };
		9929D84127C8A064002B72DE /* ComboSetTableViewCell.xib in Resources */ = {isa = PBXBuildFile; fileRef = 9929D83F27C8A064002B72DE /* ComboSetTableViewCell.xib */; };
		9929D84327C8A3E4002B72DE /* UITableView+Extension.swift in Sources */ = {isa = PBXBuildFile; fileRef = 9929D84227C8A3E4002B72DE /* UITableView+Extension.swift */; };
		9929D84627C8A5F0002B72DE /* FoodTableViewCell.swift in Sources */ = {isa = PBXBuildFile; fileRef = 9929D84427C8A5F0002B72DE /* FoodTableViewCell.swift */; };
		9929D84727C8A5F0002B72DE /* FoodTableViewCell.xib in Resources */ = {isa = PBXBuildFile; fileRef = 9929D84527C8A5F0002B72DE /* FoodTableViewCell.xib */; };
		9929D84A27C90B75002B72DE /* PaymentMethodTableViewCell.swift in Sources */ = {isa = PBXBuildFile; fileRef = 9929D84827C90B75002B72DE /* PaymentMethodTableViewCell.swift */; };
		9929D84B27C90B75002B72DE /* PaymentMethodTableViewCell.xib in Resources */ = {isa = PBXBuildFile; fileRef = 9929D84927C90B75002B72DE /* PaymentMethodTableViewCell.xib */; };
		992C258127C20FED00A43AF6 /* NowShowingCollectionViewCell.swift in Sources */ = {isa = PBXBuildFile; fileRef = 992C257F27C20FED00A43AF6 /* NowShowingCollectionViewCell.swift */; };
		992C258227C20FED00A43AF6 /* NowShowingCollectionViewCell.xib in Resources */ = {isa = PBXBuildFile; fileRef = 992C258027C20FED00A43AF6 /* NowShowingCollectionViewCell.xib */; };
		992C258427C2140B00A43AF6 /* HomeViewController.swift in Sources */ = {isa = PBXBuildFile; fileRef = 992C258327C2140B00A43AF6 /* HomeViewController.swift */; };
		992CC6A727BA236500D991A9 /* AppDelegate.swift in Sources */ = {isa = PBXBuildFile; fileRef = 992CC6A627BA236500D991A9 /* AppDelegate.swift */; };
		992CC6A927BA236500D991A9 /* SceneDelegate.swift in Sources */ = {isa = PBXBuildFile; fileRef = 992CC6A827BA236500D991A9 /* SceneDelegate.swift */; };
		992CC6AE27BA236500D991A9 /* Main.storyboard in Resources */ = {isa = PBXBuildFile; fileRef = 992CC6AC27BA236500D991A9 /* Main.storyboard */; };
		992CC6B027BA236600D991A9 /* Assets.xcassets in Resources */ = {isa = PBXBuildFile; fileRef = 992CC6AF27BA236600D991A9 /* Assets.xcassets */; };
		992CC6B327BA236600D991A9 /* LaunchScreen.storyboard in Resources */ = {isa = PBXBuildFile; fileRef = 992CC6B127BA236600D991A9 /* LaunchScreen.storyboard */; };
		99344C142826AE1D00C019D6 /* MovieTicketResponse.swift in Sources */ = {isa = PBXBuildFile; fileRef = 99344C132826AE1D00C019D6 /* MovieTicketResponse.swift */; };
		99344C192826B46500C019D6 /* TicketRequest.swift in Sources */ = {isa = PBXBuildFile; fileRef = 99344C182826B46500C019D6 /* TicketRequest.swift */; };
		99344C1B2826B7FF00C019D6 /* TicketModel.swift in Sources */ = {isa = PBXBuildFile; fileRef = 99344C1A2826B7FF00C019D6 /* TicketModel.swift */; };
		99353423281A659100CD1813 /* DrawerViewController.swift in Sources */ = {isa = PBXBuildFile; fileRef = 99353422281A659100CD1813 /* DrawerViewController.swift */; };
		9947512827CB46770018396D /* PayCardCarouselCollectionViewCell.swift in Sources */ = {isa = PBXBuildFile; fileRef = 9947512627CB46770018396D /* PayCardCarouselCollectionViewCell.swift */; };
		9947512927CB46770018396D /* PayCardCarouselCollectionViewCell.xib in Resources */ = {isa = PBXBuildFile; fileRef = 9947512727CB46770018396D /* PayCardCarouselCollectionViewCell.xib */; };
		9947512B27CB532B0018396D /* UILabel+Extension.swift in Sources */ = {isa = PBXBuildFile; fileRef = 9947512A27CB532B0018396D /* UILabel+Extension.swift */; };
		994AC27C281AE5A300EDAD57 /* MovieModel.swift in Sources */ = {isa = PBXBuildFile; fileRef = 994AC27B281AE5A300EDAD57 /* MovieModel.swift */; };
		994AC27E281AE64400EDAD57 /* MovieResponse.swift in Sources */ = {isa = PBXBuildFile; fileRef = 994AC27D281AE64400EDAD57 /* MovieResponse.swift */; };
		9954609228250C450092AA66 /* SeatResponse.swift in Sources */ = {isa = PBXBuildFile; fileRef = 9954609128250C450092AA66 /* SeatResponse.swift */; };
		9954609428250C7D0092AA66 /* SeatModel.swift in Sources */ = {isa = PBXBuildFile; fileRef = 9954609328250C7D0092AA66 /* SeatModel.swift */; };
		9969FB1227BF5AA300946B7E /* DaysCollectionViewCell.swift in Sources */ = {isa = PBXBuildFile; fileRef = 9969FB1027BF5AA300946B7E /* DaysCollectionViewCell.swift */; };
		9969FB1327BF5AA300946B7E /* DaysCollectionViewCell.xib in Resources */ = {isa = PBXBuildFile; fileRef = 9969FB1127BF5AA300946B7E /* DaysCollectionViewCell.xib */; };
		9969FB1627BF604E00946B7E /* TimeCollectionViewCell.swift in Sources */ = {isa = PBXBuildFile; fileRef = 9969FB1427BF604E00946B7E /* TimeCollectionViewCell.swift */; };
		9969FB1727BF604E00946B7E /* TimeCollectionViewCell.xib in Resources */ = {isa = PBXBuildFile; fileRef = 9969FB1527BF604E00946B7E /* TimeCollectionViewCell.xib */; };
		997662B627C0EBF800757397 /* GetStartedViewController.swift in Sources */ = {isa = PBXBuildFile; fileRef = 997662B527C0EBF800757397 /* GetStartedViewController.swift */; };
		99780BB827C3FEC200DA91EB /* RatingControl.swift in Sources */ = {isa = PBXBuildFile; fileRef = 99780BB727C3FEC200DA91EB /* RatingControl.swift */; };
		99780BBB27C400F500DA91EB /* MovieTypeCollectionViewCell.swift in Sources */ = {isa = PBXBuildFile; fileRef = 99780BB927C400F500DA91EB /* MovieTypeCollectionViewCell.swift */; };
		99780BBC27C400F500DA91EB /* MovieTypeCollectionViewCell.xib in Resources */ = {isa = PBXBuildFile; fileRef = 99780BBA27C400F500DA91EB /* MovieTypeCollectionViewCell.xib */; };
		9982389227C9482F00CDFBF5 /* TicketViewController.swift in Sources */ = {isa = PBXBuildFile; fileRef = 9982389127C9482F00CDFBF5 /* TicketViewController.swift */; };
		9982389427C94F7D00CDFBF5 /* PaymentViewController.swift in Sources */ = {isa = PBXBuildFile; fileRef = 9982389327C94F7D00CDFBF5 /* PaymentViewController.swift */; };
		9982389627C9544800CDFBF5 /* AddNewCardViewController.swift in Sources */ = {isa = PBXBuildFile; fileRef = 9982389527C9544800CDFBF5 /* AddNewCardViewController.swift */; };
		9996523927C9FC62008190BC /* Router.swift in Sources */ = {isa = PBXBuildFile; fileRef = 9996523827C9FC62008190BC /* Router.swift */; };
		99997C8128256992002A30E3 /* SnackResponse.swift in Sources */ = {isa = PBXBuildFile; fileRef = 99997C8028256992002A30E3 /* SnackResponse.swift */; };
		99997C83282569A7002A30E3 /* SnackModel.swift in Sources */ = {isa = PBXBuildFile; fileRef = 99997C82282569A7002A30E3 /* SnackModel.swift */; };
		99997C8528256DDB002A30E3 /* PaymentMethodResponse.swift in Sources */ = {isa = PBXBuildFile; fileRef = 99997C8428256DDB002A30E3 /* PaymentMethodResponse.swift */; };
		99997C8728256DFF002A30E3 /* PaymentMethodModel.swift in Sources */ = {isa = PBXBuildFile; fileRef = 99997C8628256DFF002A30E3 /* PaymentMethodModel.swift */; };
		99997C892825970B002A30E3 /* MovieTicketVo.swift in Sources */ = {isa = PBXBuildFile; fileRef = 99997C882825970B002A30E3 /* MovieTicketVo.swift */; };
		99997C8B28264197002A30E3 /* PaymentCardResponse.swift in Sources */ = {isa = PBXBuildFile; fileRef = 99997C8A28264197002A30E3 /* PaymentCardResponse.swift */; };
		99997C8D282641F7002A30E3 /* PaymentCardModel.swift in Sources */ = {isa = PBXBuildFile; fileRef = 99997C8C282641F7002A30E3 /* PaymentCardModel.swift */; };
		99A4906827C75B8B00FF16A7 /* CastCollectionViewCell.swift in Sources */ = {isa = PBXBuildFile; fileRef = 99A4906627C75B8A00FF16A7 /* CastCollectionViewCell.swift */; };
		99A4906927C75B8B00FF16A7 /* CastCollectionViewCell.xib in Resources */ = {isa = PBXBuildFile; fileRef = 99A4906727C75B8B00FF16A7 /* CastCollectionViewCell.xib */; };
		99A4906B27C75FB700FF16A7 /* SnackViewController.swift in Sources */ = {isa = PBXBuildFile; fileRef = 99A4906A27C75FB700FF16A7 /* SnackViewController.swift */; };
		99ACF14527C0B9EC00DC3AFC /* MovieSeatViewController.swift in Sources */ = {isa = PBXBuildFile; fileRef = 99ACF14427C0B9EC00DC3AFC /* MovieSeatViewController.swift */; };
		99ACF14827C0C80B00DC3AFC /* MovieSeatCollectionViewCell.swift in Sources */ = {isa = PBXBuildFile; fileRef = 99ACF14627C0C80B00DC3AFC /* MovieSeatCollectionViewCell.swift */; };
		99ACF14927C0C80B00DC3AFC /* MovieSeatCollectionViewCell.xib in Resources */ = {isa = PBXBuildFile; fileRef = 99ACF14727C0C80B00DC3AFC /* MovieSeatCollectionViewCell.xib */; };
		99ACF15127C0C9C300DC3AFC /* AppConstants.swift in Sources */ = {isa = PBXBuildFile; fileRef = 99ACF15027C0C9C300DC3AFC /* AppConstants.swift */; };
		99ACF15427C0CA2400DC3AFC /* DummyData.swift in Sources */ = {isa = PBXBuildFile; fileRef = 99ACF15327C0CA2400DC3AFC /* DummyData.swift */; };
		99BDBE8527BD5CF900AAF1A5 /* MovieTimeViewController.swift in Sources */ = {isa = PBXBuildFile; fileRef = 99BDBE8427BD5CF900AAF1A5 /* MovieTimeViewController.swift */; };
		99E213D62822F8BA0097A50E /* TimeSlotResponse.swift in Sources */ = {isa = PBXBuildFile; fileRef = 99E213D52822F8BA0097A50E /* TimeSlotResponse.swift */; };
		99E213D82822FB930097A50E /* Date+Extension.swift in Sources */ = {isa = PBXBuildFile; fileRef = 99E213D72822FB930097A50E /* Date+Extension.swift */; };
		99E9CEAD2812F8A000794996 /* NetworkEndPoint.swift in Sources */ = {isa = PBXBuildFile; fileRef = 99E9CEAC2812F8A000794996 /* NetworkEndPoint.swift */; };
		99E9CEAF2812F8C200794996 /* NetworkAgentProtocols.swift in Sources */ = {isa = PBXBuildFile; fileRef = 99E9CEAE2812F8C200794996 /* NetworkAgentProtocols.swift */; };
		99E9CEB22813C63800794996 /* StringConstants.swift in Sources */ = {isa = PBXBuildFile; fileRef = 99E9CEB12813C63800794996 /* StringConstants.swift */; };
		99E9CEB52813C96900794996 /* AuthResponse.swift in Sources */ = {isa = PBXBuildFile; fileRef = 99E9CEB42813C96900794996 /* AuthResponse.swift */; };
		99E9CEB72813C9B600794996 /* NetworkAgent.swift in Sources */ = {isa = PBXBuildFile; fileRef = 99E9CEB62813C9B600794996 /* NetworkAgent.swift */; };
		99E9CEBA2813E38500794996 /* UserModel.swift in Sources */ = {isa = PBXBuildFile; fileRef = 99E9CEB92813E38500794996 /* UserModel.swift */; };
		99E9CEBD2813E3A800794996 /* UserRepository.swift in Sources */ = {isa = PBXBuildFile; fileRef = 99E9CEBC2813E3A800794996 /* UserRepository.swift */; };
		99E9CEC02813E41100794996 /* BaseModel.swift in Sources */ = {isa = PBXBuildFile; fileRef = 99E9CEBF2813E41100794996 /* BaseModel.swift */; };
		99E9CEC22813E47100794996 /* AuthModel.swift in Sources */ = {isa = PBXBuildFile; fileRef = 99E9CEC12813E47100794996 /* AuthModel.swift */; };
		99F0285227C25008009F6256 /* AuthViewController.swift in Sources */ = {isa = PBXBuildFile; fileRef = 99F0285127C25008009F6256 /* AuthViewController.swift */; };
		99F9A9DB281D3B890092E6A3 /* CinemaModel.swift in Sources */ = {isa = PBXBuildFile; fileRef = 99F9A9DA281D3B890092E6A3 /* CinemaModel.swift */; };
		99FCA2DB2826D1CD0018AD1B /* MovieObject.swift in Sources */ = {isa = PBXBuildFile; fileRef = 99FCA2DA2826D1CD0018AD1B /* MovieObject.swift */; };
		99FCA2DD2826D22A0018AD1B /* CastObject.swift in Sources */ = {isa = PBXBuildFile; fileRef = 99FCA2DC2826D22A0018AD1B /* CastObject.swift */; };
		99FCA2DF2826D5450018AD1B /* PaymentCardObject.swift in Sources */ = {isa = PBXBuildFile; fileRef = 99FCA2DE2826D5450018AD1B /* PaymentCardObject.swift */; };
		99FCA2E12826D61C0018AD1B /* UserObject.swift in Sources */ = {isa = PBXBuildFile; fileRef = 99FCA2E02826D61C0018AD1B /* UserObject.swift */; };
		99FCA2E32826D7010018AD1B /* CinemaObject.swift in Sources */ = {isa = PBXBuildFile; fileRef = 99FCA2E22826D7010018AD1B /* CinemaObject.swift */; };
		99FCA2E52826DA4B0018AD1B /* BaseRepository.swift in Sources */ = {isa = PBXBuildFile; fileRef = 99FCA2E42826DA4B0018AD1B /* BaseRepository.swift */; };
		99FCA2E728277C370018AD1B /* MovieRepository.swift in Sources */ = {isa = PBXBuildFile; fileRef = 99FCA2E628277C370018AD1B /* MovieRepository.swift */; };
		99FCA2E928277CF10018AD1B /* BelongToTypeObject.swift in Sources */ = {isa = PBXBuildFile; fileRef = 99FCA2E828277CF10018AD1B /* BelongToTypeObject.swift */; };
		99FCA2EB28278C9E0018AD1B /* CinemaRepository.swift in Sources */ = {isa = PBXBuildFile; fileRef = 99FCA2EA28278C9E0018AD1B /* CinemaRepository.swift */; };
		99FCA2ED28278FDC0018AD1B /* SnackRepository.swift in Sources */ = {isa = PBXBuildFile; fileRef = 99FCA2EC28278FDC0018AD1B /* SnackRepository.swift */; };
		99FCA2EF28278FF90018AD1B /* SnackObject.swift in Sources */ = {isa = PBXBuildFile; fileRef = 99FCA2EE28278FF90018AD1B /* SnackObject.swift */; };
		99FCA2F12827920A0018AD1B /* PaymentMethodObject.swift in Sources */ = {isa = PBXBuildFile; fileRef = 99FCA2F02827920A0018AD1B /* PaymentMethodObject.swift */; };
		99FCA2F32827929E0018AD1B /* PaymentMethodRepository.swift in Sources */ = {isa = PBXBuildFile; fileRef = 99FCA2F22827929E0018AD1B /* PaymentMethodRepository.swift */; };
		99FCA2F5282794F90018AD1B /* CinemaTimeSlotObject.swift in Sources */ = {isa = PBXBuildFile; fileRef = 99FCA2F4282794F90018AD1B /* CinemaTimeSlotObject.swift */; };
		99FCA2F7282795240018AD1B /* TimeSlotObject.swift in Sources */ = {isa = PBXBuildFile; fileRef = 99FCA2F6282795240018AD1B /* TimeSlotObject.swift */; };
		99FCA2F9282798480018AD1B /* CinemaTimeSlotRepository.swift in Sources */ = {isa = PBXBuildFile; fileRef = 99FCA2F8282798480018AD1B /* CinemaTimeSlotRepository.swift */; };
/* End PBXBuildFile section */

/* Begin PBXFileReference section */
		487A12831EEEAF5DCCC2B456 /* Pods_MovieBookingApp.framework */ = {isa = PBXFileReference; explicitFileType = wrapper.framework; includeInIndex = 0; path = Pods_MovieBookingApp.framework; sourceTree = BUILT_PRODUCTS_DIR; };
		9912E89A281BE57C00DB1D87 /* BaseResponse.swift */ = {isa = PBXFileReference; lastKnownFileType = sourcecode.swift; path = BaseResponse.swift; sourceTree = "<group>"; };
		9912E89C281BEBBB00DB1D87 /* CinemaResponse.swift */ = {isa = PBXFileReference; lastKnownFileType = sourcecode.swift; path = CinemaResponse.swift; sourceTree = "<group>"; };
		9923183E27C356E00073E2DF /* UIView+Extension.swift */ = {isa = PBXFileReference; lastKnownFileType = sourcecode.swift; path = "UIView+Extension.swift"; sourceTree = "<group>"; };
		9923184027C357020073E2DF /* UITextField+Extension.swift */ = {isa = PBXFileReference; lastKnownFileType = sourcecode.swift; path = "UITextField+Extension.swift"; sourceTree = "<group>"; };
		9923184227C3571E0073E2DF /* UIViewController+Extension.swift */ = {isa = PBXFileReference; lastKnownFileType = sourcecode.swift; path = "UIViewController+Extension.swift"; sourceTree = "<group>"; };
		9923184427C357380073E2DF /* UICollectionView+Extension.swift */ = {isa = PBXFileReference; lastKnownFileType = sourcecode.swift; path = "UICollectionView+Extension.swift"; sourceTree = "<group>"; };
		9923184627C3790D0073E2DF /* MovieDetailViewController.swift */ = {isa = PBXFileReference; lastKnownFileType = sourcecode.swift; path = MovieDetailViewController.swift; sourceTree = "<group>"; };
		9929D83E27C8A064002B72DE /* ComboSetTableViewCell.swift */ = {isa = PBXFileReference; lastKnownFileType = sourcecode.swift; path = ComboSetTableViewCell.swift; sourceTree = "<group>"; };
		9929D83F27C8A064002B72DE /* ComboSetTableViewCell.xib */ = {isa = PBXFileReference; lastKnownFileType = file.xib; path = ComboSetTableViewCell.xib; sourceTree = "<group>"; };
		9929D84227C8A3E4002B72DE /* UITableView+Extension.swift */ = {isa = PBXFileReference; lastKnownFileType = sourcecode.swift; path = "UITableView+Extension.swift"; sourceTree = "<group>"; };
		9929D84427C8A5F0002B72DE /* FoodTableViewCell.swift */ = {isa = PBXFileReference; lastKnownFileType = sourcecode.swift; path = FoodTableViewCell.swift; sourceTree = "<group>"; };
		9929D84527C8A5F0002B72DE /* FoodTableViewCell.xib */ = {isa = PBXFileReference; lastKnownFileType = file.xib; path = FoodTableViewCell.xib; sourceTree = "<group>"; };
		9929D84827C90B75002B72DE /* PaymentMethodTableViewCell.swift */ = {isa = PBXFileReference; lastKnownFileType = sourcecode.swift; path = PaymentMethodTableViewCell.swift; sourceTree = "<group>"; };
		9929D84927C90B75002B72DE /* PaymentMethodTableViewCell.xib */ = {isa = PBXFileReference; lastKnownFileType = file.xib; path = PaymentMethodTableViewCell.xib; sourceTree = "<group>"; };
		992C257F27C20FED00A43AF6 /* NowShowingCollectionViewCell.swift */ = {isa = PBXFileReference; lastKnownFileType = sourcecode.swift; path = NowShowingCollectionViewCell.swift; sourceTree = "<group>"; };
		992C258027C20FED00A43AF6 /* NowShowingCollectionViewCell.xib */ = {isa = PBXFileReference; lastKnownFileType = file.xib; path = NowShowingCollectionViewCell.xib; sourceTree = "<group>"; };
		992C258327C2140B00A43AF6 /* HomeViewController.swift */ = {isa = PBXFileReference; lastKnownFileType = sourcecode.swift; path = HomeViewController.swift; sourceTree = "<group>"; };
		992CC6A327BA236500D991A9 /* MovieBookingApp.app */ = {isa = PBXFileReference; explicitFileType = wrapper.application; includeInIndex = 0; path = MovieBookingApp.app; sourceTree = BUILT_PRODUCTS_DIR; };
		992CC6A627BA236500D991A9 /* AppDelegate.swift */ = {isa = PBXFileReference; lastKnownFileType = sourcecode.swift; path = AppDelegate.swift; sourceTree = "<group>"; };
		992CC6A827BA236500D991A9 /* SceneDelegate.swift */ = {isa = PBXFileReference; lastKnownFileType = sourcecode.swift; path = SceneDelegate.swift; sourceTree = "<group>"; };
		992CC6AD27BA236500D991A9 /* Base */ = {isa = PBXFileReference; lastKnownFileType = file.storyboard; name = Base; path = Base.lproj/Main.storyboard; sourceTree = "<group>"; };
		992CC6AF27BA236600D991A9 /* Assets.xcassets */ = {isa = PBXFileReference; lastKnownFileType = folder.assetcatalog; path = Assets.xcassets; sourceTree = "<group>"; };
		992CC6B227BA236600D991A9 /* Base */ = {isa = PBXFileReference; lastKnownFileType = file.storyboard; name = Base; path = Base.lproj/LaunchScreen.storyboard; sourceTree = "<group>"; };
		992CC6B427BA236600D991A9 /* Info.plist */ = {isa = PBXFileReference; lastKnownFileType = text.plist.xml; path = Info.plist; sourceTree = "<group>"; };
		99344C132826AE1D00C019D6 /* MovieTicketResponse.swift */ = {isa = PBXFileReference; lastKnownFileType = sourcecode.swift; path = MovieTicketResponse.swift; sourceTree = "<group>"; };
		99344C182826B46500C019D6 /* TicketRequest.swift */ = {isa = PBXFileReference; lastKnownFileType = sourcecode.swift; path = TicketRequest.swift; sourceTree = "<group>"; };
		99344C1A2826B7FF00C019D6 /* TicketModel.swift */ = {isa = PBXFileReference; lastKnownFileType = sourcecode.swift; path = TicketModel.swift; sourceTree = "<group>"; };
		99353422281A659100CD1813 /* DrawerViewController.swift */ = {isa = PBXFileReference; lastKnownFileType = sourcecode.swift; path = DrawerViewController.swift; sourceTree = "<group>"; };
		9947512627CB46770018396D /* PayCardCarouselCollectionViewCell.swift */ = {isa = PBXFileReference; lastKnownFileType = sourcecode.swift; path = PayCardCarouselCollectionViewCell.swift; sourceTree = "<group>"; };
		9947512727CB46770018396D /* PayCardCarouselCollectionViewCell.xib */ = {isa = PBXFileReference; lastKnownFileType = file.xib; path = PayCardCarouselCollectionViewCell.xib; sourceTree = "<group>"; };
		9947512A27CB532B0018396D /* UILabel+Extension.swift */ = {isa = PBXFileReference; lastKnownFileType = sourcecode.swift; path = "UILabel+Extension.swift"; sourceTree = "<group>"; };
		994AC27B281AE5A300EDAD57 /* MovieModel.swift */ = {isa = PBXFileReference; lastKnownFileType = sourcecode.swift; path = MovieModel.swift; sourceTree = "<group>"; };
		994AC27D281AE64400EDAD57 /* MovieResponse.swift */ = {isa = PBXFileReference; lastKnownFileType = sourcecode.swift; path = MovieResponse.swift; sourceTree = "<group>"; };
		9954609128250C450092AA66 /* SeatResponse.swift */ = {isa = PBXFileReference; lastKnownFileType = sourcecode.swift; path = SeatResponse.swift; sourceTree = "<group>"; };
		9954609328250C7D0092AA66 /* SeatModel.swift */ = {isa = PBXFileReference; lastKnownFileType = sourcecode.swift; path = SeatModel.swift; sourceTree = "<group>"; };
		9969FB1027BF5AA300946B7E /* DaysCollectionViewCell.swift */ = {isa = PBXFileReference; lastKnownFileType = sourcecode.swift; path = DaysCollectionViewCell.swift; sourceTree = "<group>"; };
		9969FB1127BF5AA300946B7E /* DaysCollectionViewCell.xib */ = {isa = PBXFileReference; lastKnownFileType = file.xib; path = DaysCollectionViewCell.xib; sourceTree = "<group>"; };
		9969FB1427BF604E00946B7E /* TimeCollectionViewCell.swift */ = {isa = PBXFileReference; lastKnownFileType = sourcecode.swift; path = TimeCollectionViewCell.swift; sourceTree = "<group>"; };
		9969FB1527BF604E00946B7E /* TimeCollectionViewCell.xib */ = {isa = PBXFileReference; lastKnownFileType = file.xib; path = TimeCollectionViewCell.xib; sourceTree = "<group>"; };
		997662B527C0EBF800757397 /* GetStartedViewController.swift */ = {isa = PBXFileReference; lastKnownFileType = sourcecode.swift; path = GetStartedViewController.swift; sourceTree = "<group>"; };
		99780BB727C3FEC200DA91EB /* RatingControl.swift */ = {isa = PBXFileReference; lastKnownFileType = sourcecode.swift; path = RatingControl.swift; sourceTree = "<group>"; };
		99780BB927C400F500DA91EB /* MovieTypeCollectionViewCell.swift */ = {isa = PBXFileReference; lastKnownFileType = sourcecode.swift; path = MovieTypeCollectionViewCell.swift; sourceTree = "<group>"; };
		99780BBA27C400F500DA91EB /* MovieTypeCollectionViewCell.xib */ = {isa = PBXFileReference; lastKnownFileType = file.xib; path = MovieTypeCollectionViewCell.xib; sourceTree = "<group>"; };
		9982389127C9482F00CDFBF5 /* TicketViewController.swift */ = {isa = PBXFileReference; lastKnownFileType = sourcecode.swift; path = TicketViewController.swift; sourceTree = "<group>"; };
		9982389327C94F7D00CDFBF5 /* PaymentViewController.swift */ = {isa = PBXFileReference; lastKnownFileType = sourcecode.swift; path = PaymentViewController.swift; sourceTree = "<group>"; };
		9982389527C9544800CDFBF5 /* AddNewCardViewController.swift */ = {isa = PBXFileReference; lastKnownFileType = sourcecode.swift; path = AddNewCardViewController.swift; sourceTree = "<group>"; };
		9996523827C9FC62008190BC /* Router.swift */ = {isa = PBXFileReference; lastKnownFileType = sourcecode.swift; path = Router.swift; sourceTree = "<group>"; };
		99997C8028256992002A30E3 /* SnackResponse.swift */ = {isa = PBXFileReference; lastKnownFileType = sourcecode.swift; path = SnackResponse.swift; sourceTree = "<group>"; };
		99997C82282569A7002A30E3 /* SnackModel.swift */ = {isa = PBXFileReference; lastKnownFileType = sourcecode.swift; path = SnackModel.swift; sourceTree = "<group>"; };
		99997C8428256DDB002A30E3 /* PaymentMethodResponse.swift */ = {isa = PBXFileReference; lastKnownFileType = sourcecode.swift; path = PaymentMethodResponse.swift; sourceTree = "<group>"; };
		99997C8628256DFF002A30E3 /* PaymentMethodModel.swift */ = {isa = PBXFileReference; lastKnownFileType = sourcecode.swift; path = PaymentMethodModel.swift; sourceTree = "<group>"; };
		99997C882825970B002A30E3 /* MovieTicketVo.swift */ = {isa = PBXFileReference; lastKnownFileType = sourcecode.swift; path = MovieTicketVo.swift; sourceTree = "<group>"; };
		99997C8A28264197002A30E3 /* PaymentCardResponse.swift */ = {isa = PBXFileReference; lastKnownFileType = sourcecode.swift; path = PaymentCardResponse.swift; sourceTree = "<group>"; };
		99997C8C282641F7002A30E3 /* PaymentCardModel.swift */ = {isa = PBXFileReference; lastKnownFileType = sourcecode.swift; path = PaymentCardModel.swift; sourceTree = "<group>"; };
		99A4906627C75B8A00FF16A7 /* CastCollectionViewCell.swift */ = {isa = PBXFileReference; lastKnownFileType = sourcecode.swift; name = CastCollectionViewCell.swift; path = MovieBookingApp/cells/collectionviews/swifts/CastCollectionViewCell.swift; sourceTree = SOURCE_ROOT; };
		99A4906727C75B8B00FF16A7 /* CastCollectionViewCell.xib */ = {isa = PBXFileReference; lastKnownFileType = file.xib; name = CastCollectionViewCell.xib; path = MovieBookingApp/cells/collectionviews/CastCollectionViewCell.xib; sourceTree = SOURCE_ROOT; };
		99A4906A27C75FB700FF16A7 /* SnackViewController.swift */ = {isa = PBXFileReference; lastKnownFileType = sourcecode.swift; path = SnackViewController.swift; sourceTree = "<group>"; };
		99ACF14427C0B9EC00DC3AFC /* MovieSeatViewController.swift */ = {isa = PBXFileReference; lastKnownFileType = sourcecode.swift; path = MovieSeatViewController.swift; sourceTree = "<group>"; };
		99ACF14627C0C80B00DC3AFC /* MovieSeatCollectionViewCell.swift */ = {isa = PBXFileReference; lastKnownFileType = sourcecode.swift; path = MovieSeatCollectionViewCell.swift; sourceTree = "<group>"; };
		99ACF14727C0C80B00DC3AFC /* MovieSeatCollectionViewCell.xib */ = {isa = PBXFileReference; lastKnownFileType = file.xib; path = MovieSeatCollectionViewCell.xib; sourceTree = "<group>"; };
		99ACF15027C0C9C300DC3AFC /* AppConstants.swift */ = {isa = PBXFileReference; lastKnownFileType = sourcecode.swift; path = AppConstants.swift; sourceTree = "<group>"; };
		99ACF15327C0CA2400DC3AFC /* DummyData.swift */ = {isa = PBXFileReference; lastKnownFileType = sourcecode.swift; path = DummyData.swift; sourceTree = "<group>"; };
		99BDBE8427BD5CF900AAF1A5 /* MovieTimeViewController.swift */ = {isa = PBXFileReference; lastKnownFileType = sourcecode.swift; path = MovieTimeViewController.swift; sourceTree = "<group>"; };
		99E213D52822F8BA0097A50E /* TimeSlotResponse.swift */ = {isa = PBXFileReference; lastKnownFileType = sourcecode.swift; path = TimeSlotResponse.swift; sourceTree = "<group>"; };
		99E213D72822FB930097A50E /* Date+Extension.swift */ = {isa = PBXFileReference; lastKnownFileType = sourcecode.swift; path = "Date+Extension.swift"; sourceTree = "<group>"; };
		99E9CEAC2812F8A000794996 /* NetworkEndPoint.swift */ = {isa = PBXFileReference; lastKnownFileType = sourcecode.swift; path = NetworkEndPoint.swift; sourceTree = "<group>"; };
		99E9CEAE2812F8C200794996 /* NetworkAgentProtocols.swift */ = {isa = PBXFileReference; lastKnownFileType = sourcecode.swift; path = NetworkAgentProtocols.swift; sourceTree = "<group>"; };
		99E9CEB12813C63800794996 /* StringConstants.swift */ = {isa = PBXFileReference; lastKnownFileType = sourcecode.swift; path = StringConstants.swift; sourceTree = "<group>"; };
		99E9CEB42813C96900794996 /* AuthResponse.swift */ = {isa = PBXFileReference; lastKnownFileType = sourcecode.swift; path = AuthResponse.swift; sourceTree = "<group>"; };
		99E9CEB62813C9B600794996 /* NetworkAgent.swift */ = {isa = PBXFileReference; lastKnownFileType = sourcecode.swift; path = NetworkAgent.swift; sourceTree = "<group>"; };
		99E9CEB92813E38500794996 /* UserModel.swift */ = {isa = PBXFileReference; lastKnownFileType = sourcecode.swift; path = UserModel.swift; sourceTree = "<group>"; };
		99E9CEBC2813E3A800794996 /* UserRepository.swift */ = {isa = PBXFileReference; lastKnownFileType = sourcecode.swift; path = UserRepository.swift; sourceTree = "<group>"; };
		99E9CEBF2813E41100794996 /* BaseModel.swift */ = {isa = PBXFileReference; lastKnownFileType = sourcecode.swift; path = BaseModel.swift; sourceTree = "<group>"; };
		99E9CEC12813E47100794996 /* AuthModel.swift */ = {isa = PBXFileReference; lastKnownFileType = sourcecode.swift; path = AuthModel.swift; sourceTree = "<group>"; };
		99F0285127C25008009F6256 /* AuthViewController.swift */ = {isa = PBXFileReference; lastKnownFileType = sourcecode.swift; path = AuthViewController.swift; sourceTree = "<group>"; };
		99F9A9DA281D3B890092E6A3 /* CinemaModel.swift */ = {isa = PBXFileReference; lastKnownFileType = sourcecode.swift; path = CinemaModel.swift; sourceTree = "<group>"; };
		99FCA2DA2826D1CD0018AD1B /* MovieObject.swift */ = {isa = PBXFileReference; lastKnownFileType = sourcecode.swift; path = MovieObject.swift; sourceTree = "<group>"; };
		99FCA2DC2826D22A0018AD1B /* CastObject.swift */ = {isa = PBXFileReference; lastKnownFileType = sourcecode.swift; path = CastObject.swift; sourceTree = "<group>"; };
		99FCA2DE2826D5450018AD1B /* PaymentCardObject.swift */ = {isa = PBXFileReference; lastKnownFileType = sourcecode.swift; path = PaymentCardObject.swift; sourceTree = "<group>"; };
		99FCA2E02826D61C0018AD1B /* UserObject.swift */ = {isa = PBXFileReference; lastKnownFileType = sourcecode.swift; path = UserObject.swift; sourceTree = "<group>"; };
		99FCA2E22826D7010018AD1B /* CinemaObject.swift */ = {isa = PBXFileReference; lastKnownFileType = sourcecode.swift; path = CinemaObject.swift; sourceTree = "<group>"; };
		99FCA2E42826DA4B0018AD1B /* BaseRepository.swift */ = {isa = PBXFileReference; lastKnownFileType = sourcecode.swift; path = BaseRepository.swift; sourceTree = "<group>"; };
		99FCA2E628277C370018AD1B /* MovieRepository.swift */ = {isa = PBXFileReference; lastKnownFileType = sourcecode.swift; path = MovieRepository.swift; sourceTree = "<group>"; };
		99FCA2E828277CF10018AD1B /* BelongToTypeObject.swift */ = {isa = PBXFileReference; lastKnownFileType = sourcecode.swift; path = BelongToTypeObject.swift; sourceTree = "<group>"; };
		99FCA2EA28278C9E0018AD1B /* CinemaRepository.swift */ = {isa = PBXFileReference; lastKnownFileType = sourcecode.swift; path = CinemaRepository.swift; sourceTree = "<group>"; };
		99FCA2EC28278FDC0018AD1B /* SnackRepository.swift */ = {isa = PBXFileReference; lastKnownFileType = sourcecode.swift; path = SnackRepository.swift; sourceTree = "<group>"; };
		99FCA2EE28278FF90018AD1B /* SnackObject.swift */ = {isa = PBXFileReference; lastKnownFileType = sourcecode.swift; path = SnackObject.swift; sourceTree = "<group>"; };
		99FCA2F02827920A0018AD1B /* PaymentMethodObject.swift */ = {isa = PBXFileReference; lastKnownFileType = sourcecode.swift; path = PaymentMethodObject.swift; sourceTree = "<group>"; };
		99FCA2F22827929E0018AD1B /* PaymentMethodRepository.swift */ = {isa = PBXFileReference; lastKnownFileType = sourcecode.swift; path = PaymentMethodRepository.swift; sourceTree = "<group>"; };
		99FCA2F4282794F90018AD1B /* CinemaTimeSlotObject.swift */ = {isa = PBXFileReference; lastKnownFileType = sourcecode.swift; path = CinemaTimeSlotObject.swift; sourceTree = "<group>"; };
		99FCA2F6282795240018AD1B /* TimeSlotObject.swift */ = {isa = PBXFileReference; lastKnownFileType = sourcecode.swift; path = TimeSlotObject.swift; sourceTree = "<group>"; };
		99FCA2F8282798480018AD1B /* CinemaTimeSlotRepository.swift */ = {isa = PBXFileReference; lastKnownFileType = sourcecode.swift; path = CinemaTimeSlotRepository.swift; sourceTree = "<group>"; };
		D83BB0939584A5A8E0B37ADA /* Pods-MovieBookingApp.release.xcconfig */ = {isa = PBXFileReference; includeInIndex = 1; lastKnownFileType = text.xcconfig; name = "Pods-MovieBookingApp.release.xcconfig"; path = "Target Support Files/Pods-MovieBookingApp/Pods-MovieBookingApp.release.xcconfig"; sourceTree = "<group>"; };
		E1373918ED9B240B751CDEB1 /* Pods-MovieBookingApp.debug.xcconfig */ = {isa = PBXFileReference; includeInIndex = 1; lastKnownFileType = text.xcconfig; name = "Pods-MovieBookingApp.debug.xcconfig"; path = "Target Support Files/Pods-MovieBookingApp/Pods-MovieBookingApp.debug.xcconfig"; sourceTree = "<group>"; };
/* End PBXFileReference section */

/* Begin PBXFrameworksBuildPhase section */
		992CC6A027BA236500D991A9 /* Frameworks */ = {
			isa = PBXFrameworksBuildPhase;
			buildActionMask = 2147483647;
			files = (
				950BBDFE568F5459239E191A /* Pods_MovieBookingApp.framework in Frameworks */,
			);
			runOnlyForDeploymentPostprocessing = 0;
		};
/* End PBXFrameworksBuildPhase section */

/* Begin PBXGroup section */
		5BAC718995F2E1B0F23E6932 /* Pods */ = {
			isa = PBXGroup;
			children = (
				E1373918ED9B240B751CDEB1 /* Pods-MovieBookingApp.debug.xcconfig */,
				D83BB0939584A5A8E0B37ADA /* Pods-MovieBookingApp.release.xcconfig */,
			);
			path = Pods;
			sourceTree = "<group>";
		};
		9912E899281BE57500DB1D87 /* Base */ = {
			isa = PBXGroup;
			children = (
				9912E89A281BE57C00DB1D87 /* BaseResponse.swift */,
			);
			path = Base;
			sourceTree = "<group>";
		};
		9923183D27C356D30073E2DF /* Extensions */ = {
			isa = PBXGroup;
			children = (
				9923183E27C356E00073E2DF /* UIView+Extension.swift */,
				9923184027C357020073E2DF /* UITextField+Extension.swift */,
				9923184227C3571E0073E2DF /* UIViewController+Extension.swift */,
				9923184427C357380073E2DF /* UICollectionView+Extension.swift */,
				9929D84227C8A3E4002B72DE /* UITableView+Extension.swift */,
				9996523827C9FC62008190BC /* Router.swift */,
				9947512A27CB532B0018396D /* UILabel+Extension.swift */,
				99E213D72822FB930097A50E /* Date+Extension.swift */,
			);
			path = Extensions;
			sourceTree = "<group>";
		};
		9929D83C27C8A03A002B72DE /* swifts */ = {
			isa = PBXGroup;
			children = (
				9929D84827C90B75002B72DE /* PaymentMethodTableViewCell.swift */,
				9929D84427C8A5F0002B72DE /* FoodTableViewCell.swift */,
				9929D83E27C8A064002B72DE /* ComboSetTableViewCell.swift */,
			);
			path = swifts;
			sourceTree = "<group>";
		};
		9929D83D27C8A040002B72DE /* xibs */ = {
			isa = PBXGroup;
			children = (
				9929D84927C90B75002B72DE /* PaymentMethodTableViewCell.xib */,
				9929D84527C8A5F0002B72DE /* FoodTableViewCell.xib */,
				9929D83F27C8A064002B72DE /* ComboSetTableViewCell.xib */,
			);
			path = xibs;
			sourceTree = "<group>";
		};
		992CC69A27BA236500D991A9 = {
			isa = PBXGroup;
			children = (
				992CC6A527BA236500D991A9 /* MovieBookingApp */,
				992CC6A427BA236500D991A9 /* Products */,
				5BAC718995F2E1B0F23E6932 /* Pods */,
				A7F8EB8B51F2895CB3D8121C /* Frameworks */,
			);
			sourceTree = "<group>";
		};
		992CC6A427BA236500D991A9 /* Products */ = {
			isa = PBXGroup;
			children = (
				992CC6A327BA236500D991A9 /* MovieBookingApp.app */,
			);
			name = Products;
			sourceTree = "<group>";
		};
		992CC6A527BA236500D991A9 /* MovieBookingApp */ = {
			isa = PBXGroup;
			children = (
				99E9CEB02813C62B00794996 /* Contstants */,
				99E9CEA92812F81C00794996 /* Network */,
				99780BB627C3FEAD00DA91EB /* Components */,
				9923183D27C356D30073E2DF /* Extensions */,
				99ACF15227C0CA1A00DC3AFC /* dummy */,
				99ACF14F27C0C9BB00DC3AFC /* Utils */,
				99ACF14A27C0C90000DC3AFC /* Data */,
				9969FB0B27BF5A4B00946B7E /* cells */,
				99BDBE8327BD5CEA00AAF1A5 /* ViewController */,
				992CC6A627BA236500D991A9 /* AppDelegate.swift */,
				992CC6A827BA236500D991A9 /* SceneDelegate.swift */,
				992CC6AC27BA236500D991A9 /* Main.storyboard */,
				992CC6AF27BA236600D991A9 /* Assets.xcassets */,
				992CC6B127BA236600D991A9 /* LaunchScreen.storyboard */,
				992CC6B427BA236600D991A9 /* Info.plist */,
			);
			path = MovieBookingApp;
			sourceTree = "<group>";
		};
		99344C172826B45900C019D6 /* Requests */ = {
			isa = PBXGroup;
			children = (
				99344C182826B46500C019D6 /* TicketRequest.swift */,
			);
			path = Requests;
			sourceTree = "<group>";
		};
		9969FB0B27BF5A4B00946B7E /* cells */ = {
			isa = PBXGroup;
			children = (
				9969FB0D27BF5A5A00946B7E /* collectionviews */,
				9969FB0C27BF5A5200946B7E /* tableviews */,
			);
			path = cells;
			sourceTree = "<group>";
		};
		9969FB0C27BF5A5200946B7E /* tableviews */ = {
			isa = PBXGroup;
			children = (
				9929D83C27C8A03A002B72DE /* swifts */,
				9929D83D27C8A040002B72DE /* xibs */,
			);
			path = tableviews;
			sourceTree = "<group>";
		};
		9969FB0D27BF5A5A00946B7E /* collectionviews */ = {
			isa = PBXGroup;
			children = (
				9969FB0E27BF5A6900946B7E /* swifts */,
				9969FB0F27BF5A6F00946B7E /* xibs */,
			);
			path = collectionviews;
			sourceTree = "<group>";
		};
		9969FB0E27BF5A6900946B7E /* swifts */ = {
			isa = PBXGroup;
			children = (
				9947512627CB46770018396D /* PayCardCarouselCollectionViewCell.swift */,
				99A4906627C75B8A00FF16A7 /* CastCollectionViewCell.swift */,
				99780BB927C400F500DA91EB /* MovieTypeCollectionViewCell.swift */,
				992C257F27C20FED00A43AF6 /* NowShowingCollectionViewCell.swift */,
				99ACF14627C0C80B00DC3AFC /* MovieSeatCollectionViewCell.swift */,
				9969FB1427BF604E00946B7E /* TimeCollectionViewCell.swift */,
				9969FB1027BF5AA300946B7E /* DaysCollectionViewCell.swift */,
			);
			path = swifts;
			sourceTree = "<group>";
		};
		9969FB0F27BF5A6F00946B7E /* xibs */ = {
			isa = PBXGroup;
			children = (
				9947512727CB46770018396D /* PayCardCarouselCollectionViewCell.xib */,
				99A4906727C75B8B00FF16A7 /* CastCollectionViewCell.xib */,
				99780BBA27C400F500DA91EB /* MovieTypeCollectionViewCell.xib */,
				992C258027C20FED00A43AF6 /* NowShowingCollectionViewCell.xib */,
				99ACF14727C0C80B00DC3AFC /* MovieSeatCollectionViewCell.xib */,
				9969FB1527BF604E00946B7E /* TimeCollectionViewCell.xib */,
				9969FB1127BF5AA300946B7E /* DaysCollectionViewCell.xib */,
			);
			path = xibs;
			sourceTree = "<group>";
		};
		99780BB627C3FEAD00DA91EB /* Components */ = {
			isa = PBXGroup;
			children = (
				99780BB727C3FEC200DA91EB /* RatingControl.swift */,
			);
			path = Components;
			sourceTree = "<group>";
		};
		99ACF14A27C0C90000DC3AFC /* Data */ = {
			isa = PBXGroup;
			children = (
				99FCA2D72826D19B0018AD1B /* Realm */,
				99E9CEBB2813E39F00794996 /* Repositories */,
				99E9CEB82813E37500794996 /* Models */,
				99E9CEB32813C95800794996 /* Responses */,
				99ACF14B27C0C90400DC3AFC /* vos */,
			);
			path = Data;
			sourceTree = "<group>";
		};
		99ACF14B27C0C90400DC3AFC /* vos */ = {
			isa = PBXGroup;
			children = (
				99997C882825970B002A30E3 /* MovieTicketVo.swift */,
			);
			path = vos;
			sourceTree = "<group>";
		};
		99ACF14F27C0C9BB00DC3AFC /* Utils */ = {
			isa = PBXGroup;
			children = (
				99ACF15027C0C9C300DC3AFC /* AppConstants.swift */,
			);
			path = Utils;
			sourceTree = "<group>";
		};
		99ACF15227C0CA1A00DC3AFC /* dummy */ = {
			isa = PBXGroup;
			children = (
				99ACF15327C0CA2400DC3AFC /* DummyData.swift */,
			);
			path = dummy;
			sourceTree = "<group>";
		};
		99BDBE8327BD5CEA00AAF1A5 /* ViewController */ = {
			isa = PBXGroup;
			children = (
				99BDBE8427BD5CF900AAF1A5 /* MovieTimeViewController.swift */,
				99ACF14427C0B9EC00DC3AFC /* MovieSeatViewController.swift */,
				997662B527C0EBF800757397 /* GetStartedViewController.swift */,
				992C258327C2140B00A43AF6 /* HomeViewController.swift */,
				99F0285127C25008009F6256 /* AuthViewController.swift */,
				9923184627C3790D0073E2DF /* MovieDetailViewController.swift */,
				99A4906A27C75FB700FF16A7 /* SnackViewController.swift */,
				9982389127C9482F00CDFBF5 /* TicketViewController.swift */,
				9982389327C94F7D00CDFBF5 /* PaymentViewController.swift */,
				9982389527C9544800CDFBF5 /* AddNewCardViewController.swift */,
				99353422281A659100CD1813 /* DrawerViewController.swift */,
			);
			path = ViewController;
			sourceTree = "<group>";
		};
		99E9CEA92812F81C00794996 /* Network */ = {
			isa = PBXGroup;
			children = (
				99E9CEAB2812F84B00794996 /* Agents */,
				99E9CEAA2812F84400794996 /* Protocols */,
				99E9CEAC2812F8A000794996 /* NetworkEndPoint.swift */,
			);
			path = Network;
			sourceTree = "<group>";
		};
		99E9CEAA2812F84400794996 /* Protocols */ = {
			isa = PBXGroup;
			children = (
				99E9CEAE2812F8C200794996 /* NetworkAgentProtocols.swift */,
			);
			path = Protocols;
			sourceTree = "<group>";
		};
		99E9CEAB2812F84B00794996 /* Agents */ = {
			isa = PBXGroup;
			children = (
				99E9CEB62813C9B600794996 /* NetworkAgent.swift */,
			);
			path = Agents;
			sourceTree = "<group>";
		};
		99E9CEB02813C62B00794996 /* Contstants */ = {
			isa = PBXGroup;
			children = (
				99E9CEB12813C63800794996 /* StringConstants.swift */,
			);
			path = Contstants;
			sourceTree = "<group>";
		};
		99E9CEB32813C95800794996 /* Responses */ = {
			isa = PBXGroup;
			children = (
				99344C172826B45900C019D6 /* Requests */,
				9912E899281BE57500DB1D87 /* Base */,
				99E9CEB42813C96900794996 /* AuthResponse.swift */,
				994AC27D281AE64400EDAD57 /* MovieResponse.swift */,
				9912E89C281BEBBB00DB1D87 /* CinemaResponse.swift */,
				99E213D52822F8BA0097A50E /* TimeSlotResponse.swift */,
				9954609128250C450092AA66 /* SeatResponse.swift */,
				99997C8028256992002A30E3 /* SnackResponse.swift */,
				99997C8428256DDB002A30E3 /* PaymentMethodResponse.swift */,
				99997C8A28264197002A30E3 /* PaymentCardResponse.swift */,
				99344C132826AE1D00C019D6 /* MovieTicketResponse.swift */,
			);
			path = Responses;
			sourceTree = "<group>";
		};
		99E9CEB82813E37500794996 /* Models */ = {
			isa = PBXGroup;
			children = (
				99E9CEB92813E38500794996 /* UserModel.swift */,
				99E9CEBF2813E41100794996 /* BaseModel.swift */,
				99E9CEC12813E47100794996 /* AuthModel.swift */,
				994AC27B281AE5A300EDAD57 /* MovieModel.swift */,
				99F9A9DA281D3B890092E6A3 /* CinemaModel.swift */,
				9954609328250C7D0092AA66 /* SeatModel.swift */,
				99997C82282569A7002A30E3 /* SnackModel.swift */,
				99997C8628256DFF002A30E3 /* PaymentMethodModel.swift */,
				99997C8C282641F7002A30E3 /* PaymentCardModel.swift */,
				99344C1A2826B7FF00C019D6 /* TicketModel.swift */,
			);
			path = Models;
			sourceTree = "<group>";
		};
		99E9CEBB2813E39F00794996 /* Repositories */ = {
			isa = PBXGroup;
			children = (
				99E9CEBC2813E3A800794996 /* UserRepository.swift */,
				99FCA2E42826DA4B0018AD1B /* BaseRepository.swift */,
				99FCA2E628277C370018AD1B /* MovieRepository.swift */,
				99FCA2EA28278C9E0018AD1B /* CinemaRepository.swift */,
				99FCA2EC28278FDC0018AD1B /* SnackRepository.swift */,
				99FCA2F22827929E0018AD1B /* PaymentMethodRepository.swift */,
				99FCA2F8282798480018AD1B /* CinemaTimeSlotRepository.swift */,
			);
			path = Repositories;
			sourceTree = "<group>";
		};
		99FCA2D72826D19B0018AD1B /* Realm */ = {
			isa = PBXGroup;
			children = (
				99FCA2DA2826D1CD0018AD1B /* MovieObject.swift */,
				99FCA2DC2826D22A0018AD1B /* CastObject.swift */,
				99FCA2DE2826D5450018AD1B /* PaymentCardObject.swift */,
				99FCA2E02826D61C0018AD1B /* UserObject.swift */,
				99FCA2E22826D7010018AD1B /* CinemaObject.swift */,
				99FCA2E828277CF10018AD1B /* BelongToTypeObject.swift */,
				99FCA2EE28278FF90018AD1B /* SnackObject.swift */,
				99FCA2F02827920A0018AD1B /* PaymentMethodObject.swift */,
				99FCA2F4282794F90018AD1B /* CinemaTimeSlotObject.swift */,
				99FCA2F6282795240018AD1B /* TimeSlotObject.swift */,
			);
			path = Realm;
			sourceTree = "<group>";
		};
		A7F8EB8B51F2895CB3D8121C /* Frameworks */ = {
			isa = PBXGroup;
			children = (
				487A12831EEEAF5DCCC2B456 /* Pods_MovieBookingApp.framework */,
			);
			name = Frameworks;
			sourceTree = "<group>";
		};
/* End PBXGroup section */

/* Begin PBXNativeTarget section */
		992CC6A227BA236500D991A9 /* MovieBookingApp */ = {
			isa = PBXNativeTarget;
			buildConfigurationList = 992CC6B727BA236600D991A9 /* Build configuration list for PBXNativeTarget "MovieBookingApp" */;
			buildPhases = (
				4708A94A1A57EB0E142EDCCD /* [CP] Check Pods Manifest.lock */,
				992CC69F27BA236500D991A9 /* Sources */,
				992CC6A027BA236500D991A9 /* Frameworks */,
				992CC6A127BA236500D991A9 /* Resources */,
				08B41C896664B9DAD63C3135 /* [CP] Embed Pods Frameworks */,
			);
			buildRules = (
			);
			dependencies = (
			);
			name = MovieBookingApp;
			productName = MovieBookingApp;
			productReference = 992CC6A327BA236500D991A9 /* MovieBookingApp.app */;
			productType = "com.apple.product-type.application";
		};
/* End PBXNativeTarget section */

/* Begin PBXProject section */
		992CC69B27BA236500D991A9 /* Project object */ = {
			isa = PBXProject;
			attributes = {
				BuildIndependentTargetsInParallel = 1;
				LastSwiftUpdateCheck = 1320;
				LastUpgradeCheck = 1320;
				TargetAttributes = {
					992CC6A227BA236500D991A9 = {
						CreatedOnToolsVersion = 13.2.1;
					};
				};
			};
			buildConfigurationList = 992CC69E27BA236500D991A9 /* Build configuration list for PBXProject "MovieBookingApp" */;
			compatibilityVersion = "Xcode 13.0";
			developmentRegion = en;
			hasScannedForEncodings = 0;
			knownRegions = (
				en,
				Base,
			);
			mainGroup = 992CC69A27BA236500D991A9;
			productRefGroup = 992CC6A427BA236500D991A9 /* Products */;
			projectDirPath = "";
			projectRoot = "";
			targets = (
				992CC6A227BA236500D991A9 /* MovieBookingApp */,
			);
		};
/* End PBXProject section */

/* Begin PBXResourcesBuildPhase section */
		992CC6A127BA236500D991A9 /* Resources */ = {
			isa = PBXResourcesBuildPhase;
			buildActionMask = 2147483647;
			files = (
				992CC6B327BA236600D991A9 /* LaunchScreen.storyboard in Resources */,
				9929D84B27C90B75002B72DE /* PaymentMethodTableViewCell.xib in Resources */,
				9947512927CB46770018396D /* PayCardCarouselCollectionViewCell.xib in Resources */,
				99780BBC27C400F500DA91EB /* MovieTypeCollectionViewCell.xib in Resources */,
				992CC6B027BA236600D991A9 /* Assets.xcassets in Resources */,
				9929D84127C8A064002B72DE /* ComboSetTableViewCell.xib in Resources */,
				9969FB1727BF604E00946B7E /* TimeCollectionViewCell.xib in Resources */,
				99A4906927C75B8B00FF16A7 /* CastCollectionViewCell.xib in Resources */,
				9929D84727C8A5F0002B72DE /* FoodTableViewCell.xib in Resources */,
				992CC6AE27BA236500D991A9 /* Main.storyboard in Resources */,
				992C258227C20FED00A43AF6 /* NowShowingCollectionViewCell.xib in Resources */,
				99ACF14927C0C80B00DC3AFC /* MovieSeatCollectionViewCell.xib in Resources */,
				9969FB1327BF5AA300946B7E /* DaysCollectionViewCell.xib in Resources */,
			);
			runOnlyForDeploymentPostprocessing = 0;
		};
/* End PBXResourcesBuildPhase section */

/* Begin PBXShellScriptBuildPhase section */
		08B41C896664B9DAD63C3135 /* [CP] Embed Pods Frameworks */ = {
			isa = PBXShellScriptBuildPhase;
			buildActionMask = 2147483647;
			files = (
			);
			inputFileListPaths = (
				"${PODS_ROOT}/Target Support Files/Pods-MovieBookingApp/Pods-MovieBookingApp-frameworks-${CONFIGURATION}-input-files.xcfilelist",
			);
			name = "[CP] Embed Pods Frameworks";
			outputFileListPaths = (
				"${PODS_ROOT}/Target Support Files/Pods-MovieBookingApp/Pods-MovieBookingApp-frameworks-${CONFIGURATION}-output-files.xcfilelist",
			);
			runOnlyForDeploymentPostprocessing = 0;
			shellPath = /bin/sh;
			shellScript = "\"${PODS_ROOT}/Target Support Files/Pods-MovieBookingApp/Pods-MovieBookingApp-frameworks.sh\"\n";
			showEnvVarsInLog = 0;
		};
		4708A94A1A57EB0E142EDCCD /* [CP] Check Pods Manifest.lock */ = {
			isa = PBXShellScriptBuildPhase;
			buildActionMask = 2147483647;
			files = (
			);
			inputFileListPaths = (
			);
			inputPaths = (
				"${PODS_PODFILE_DIR_PATH}/Podfile.lock",
				"${PODS_ROOT}/Manifest.lock",
			);
			name = "[CP] Check Pods Manifest.lock";
			outputFileListPaths = (
			);
			outputPaths = (
				"$(DERIVED_FILE_DIR)/Pods-MovieBookingApp-checkManifestLockResult.txt",
			);
			runOnlyForDeploymentPostprocessing = 0;
			shellPath = /bin/sh;
			shellScript = "diff \"${PODS_PODFILE_DIR_PATH}/Podfile.lock\" \"${PODS_ROOT}/Manifest.lock\" > /dev/null\nif [ $? != 0 ] ; then\n    # print error to STDERR\n    echo \"error: The sandbox is not in sync with the Podfile.lock. Run 'pod install' or update your CocoaPods installation.\" >&2\n    exit 1\nfi\n# This output is used by Xcode 'outputs' to avoid re-running this script phase.\necho \"SUCCESS\" > \"${SCRIPT_OUTPUT_FILE_0}\"\n";
			showEnvVarsInLog = 0;
		};
/* End PBXShellScriptBuildPhase section */

/* Begin PBXSourcesBuildPhase section */
		992CC69F27BA236500D991A9 /* Sources */ = {
			isa = PBXSourcesBuildPhase;
			buildActionMask = 2147483647;
			files = (
				9947512B27CB532B0018396D /* UILabel+Extension.swift in Sources */,
				99ACF14827C0C80B00DC3AFC /* MovieSeatCollectionViewCell.swift in Sources */,
				997662B627C0EBF800757397 /* GetStartedViewController.swift in Sources */,
				99FCA2E12826D61C0018AD1B /* UserObject.swift in Sources */,
				9929D84627C8A5F0002B72DE /* FoodTableViewCell.swift in Sources */,
				9982389227C9482F00CDFBF5 /* TicketViewController.swift in Sources */,
				99997C892825970B002A30E3 /* MovieTicketVo.swift in Sources */,
				9996523927C9FC62008190BC /* Router.swift in Sources */,
				99FCA2DD2826D22A0018AD1B /* CastObject.swift in Sources */,
				99997C8B28264197002A30E3 /* PaymentCardResponse.swift in Sources */,
				99E9CEB52813C96900794996 /* AuthResponse.swift in Sources */,
				99ACF14527C0B9EC00DC3AFC /* MovieSeatViewController.swift in Sources */,
				9923184127C357020073E2DF /* UITextField+Extension.swift in Sources */,
				9912E89B281BE57C00DB1D87 /* BaseResponse.swift in Sources */,
				99997C8728256DFF002A30E3 /* PaymentMethodModel.swift in Sources */,
				99FCA2F7282795240018AD1B /* TimeSlotObject.swift in Sources */,
				99FCA2ED28278FDC0018AD1B /* SnackRepository.swift in Sources */,
				99344C142826AE1D00C019D6 /* MovieTicketResponse.swift in Sources */,
				99FCA2F5282794F90018AD1B /* CinemaTimeSlotObject.swift in Sources */,
				9929D84027C8A064002B72DE /* ComboSetTableViewCell.swift in Sources */,
				99FCA2E32826D7010018AD1B /* CinemaObject.swift in Sources */,
				99FCA2F32827929E0018AD1B /* PaymentMethodRepository.swift in Sources */,
				9954609428250C7D0092AA66 /* SeatModel.swift in Sources */,
				9982389427C94F7D00CDFBF5 /* PaymentViewController.swift in Sources */,
				99E9CEBA2813E38500794996 /* UserModel.swift in Sources */,
				992C258427C2140B00A43AF6 /* HomeViewController.swift in Sources */,
				9947512827CB46770018396D /* PayCardCarouselCollectionViewCell.swift in Sources */,
				9969FB1627BF604E00946B7E /* TimeCollectionViewCell.swift in Sources */,
				99780BBB27C400F500DA91EB /* MovieTypeCollectionViewCell.swift in Sources */,
				99F0285227C25008009F6256 /* AuthViewController.swift in Sources */,
				99FCA2EF28278FF90018AD1B /* SnackObject.swift in Sources */,
				99FCA2E52826DA4B0018AD1B /* BaseRepository.swift in Sources */,
				99997C83282569A7002A30E3 /* SnackModel.swift in Sources */,
				99780BB827C3FEC200DA91EB /* RatingControl.swift in Sources */,
				9929D84327C8A3E4002B72DE /* UITableView+Extension.swift in Sources */,
				9923184327C3571E0073E2DF /* UIViewController+Extension.swift in Sources */,
				99FCA2DB2826D1CD0018AD1B /* MovieObject.swift in Sources */,
				99E9CEC02813E41100794996 /* BaseModel.swift in Sources */,
				992CC6A727BA236500D991A9 /* AppDelegate.swift in Sources */,
				99E9CEC22813E47100794996 /* AuthModel.swift in Sources */,
				99E213D82822FB930097A50E /* Date+Extension.swift in Sources */,
				99FCA2DF2826D5450018AD1B /* PaymentCardObject.swift in Sources */,
				99E9CEB22813C63800794996 /* StringConstants.swift in Sources */,
				9923183F27C356E00073E2DF /* UIView+Extension.swift in Sources */,
				9923184527C357380073E2DF /* UICollectionView+Extension.swift in Sources */,
				99FCA2EB28278C9E0018AD1B /* CinemaRepository.swift in Sources */,
				994AC27C281AE5A300EDAD57 /* MovieModel.swift in Sources */,
				9954609228250C450092AA66 /* SeatResponse.swift in Sources */,
				99E9CEAD2812F8A000794996 /* NetworkEndPoint.swift in Sources */,
				9982389627C9544800CDFBF5 /* AddNewCardViewController.swift in Sources */,
				99FCA2F12827920A0018AD1B /* PaymentMethodObject.swift in Sources */,
				99A4906B27C75FB700FF16A7 /* SnackViewController.swift in Sources */,
				99BDBE8527BD5CF900AAF1A5 /* MovieTimeViewController.swift in Sources */,
				99997C8528256DDB002A30E3 /* PaymentMethodResponse.swift in Sources */,
				9923184727C3790D0073E2DF /* MovieDetailViewController.swift in Sources */,
				9969FB1227BF5AA300946B7E /* DaysCollectionViewCell.swift in Sources */,
				99FCA2E928277CF10018AD1B /* BelongToTypeObject.swift in Sources */,
				99E9CEB72813C9B600794996 /* NetworkAgent.swift in Sources */,
				994AC27E281AE64400EDAD57 /* MovieResponse.swift in Sources */,
				99997C8128256992002A30E3 /* SnackResponse.swift in Sources */,
				99344C1B2826B7FF00C019D6 /* TicketModel.swift in Sources */,
				9929D84A27C90B75002B72DE /* PaymentMethodTableViewCell.swift in Sources */,
				99997C8D282641F7002A30E3 /* PaymentCardModel.swift in Sources */,
				99E213D62822F8BA0097A50E /* TimeSlotResponse.swift in Sources */,
				99FCA2E728277C370018AD1B /* MovieRepository.swift in Sources */,
				99A4906827C75B8B00FF16A7 /* CastCollectionViewCell.swift in Sources */,
				992C258127C20FED00A43AF6 /* NowShowingCollectionViewCell.swift in Sources */,
				99FCA2F9282798480018AD1B /* CinemaTimeSlotRepository.swift in Sources */,
				992CC6A927BA236500D991A9 /* SceneDelegate.swift in Sources */,
				99ACF15427C0CA2400DC3AFC /* DummyData.swift in Sources */,
				99F9A9DB281D3B890092E6A3 /* CinemaModel.swift in Sources */,
				9912E89D281BEBBB00DB1D87 /* CinemaResponse.swift in Sources */,
				99344C192826B46500C019D6 /* TicketRequest.swift in Sources */,
				99E9CEAF2812F8C200794996 /* NetworkAgentProtocols.swift in Sources */,
				99E9CEBD2813E3A800794996 /* UserRepository.swift in Sources */,
				99ACF15127C0C9C300DC3AFC /* AppConstants.swift in Sources */,
				99353423281A659100CD1813 /* DrawerViewController.swift in Sources */,
			);
			runOnlyForDeploymentPostprocessing = 0;
		};
/* End PBXSourcesBuildPhase section */

/* Begin PBXVariantGroup section */
		992CC6AC27BA236500D991A9 /* Main.storyboard */ = {
			isa = PBXVariantGroup;
			children = (
				992CC6AD27BA236500D991A9 /* Base */,
			);
			name = Main.storyboard;
			sourceTree = "<group>";
		};
		992CC6B127BA236600D991A9 /* LaunchScreen.storyboard */ = {
			isa = PBXVariantGroup;
			children = (
				992CC6B227BA236600D991A9 /* Base */,
			);
			name = LaunchScreen.storyboard;
			sourceTree = "<group>";
		};
/* End PBXVariantGroup section */

/* Begin XCBuildConfiguration section */
		992CC6B527BA236600D991A9 /* Debug */ = {
			isa = XCBuildConfiguration;
			buildSettings = {
				ALWAYS_SEARCH_USER_PATHS = NO;
				CLANG_ANALYZER_NONNULL = YES;
				CLANG_ANALYZER_NUMBER_OBJECT_CONVERSION = YES_AGGRESSIVE;
				CLANG_CXX_LANGUAGE_STANDARD = "gnu++17";
				CLANG_CXX_LIBRARY = "libc++";
				CLANG_ENABLE_MODULES = YES;
				CLANG_ENABLE_OBJC_ARC = YES;
				CLANG_ENABLE_OBJC_WEAK = YES;
				CLANG_WARN_BLOCK_CAPTURE_AUTORELEASING = YES;
				CLANG_WARN_BOOL_CONVERSION = YES;
				CLANG_WARN_COMMA = YES;
				CLANG_WARN_CONSTANT_CONVERSION = YES;
				CLANG_WARN_DEPRECATED_OBJC_IMPLEMENTATIONS = YES;
				CLANG_WARN_DIRECT_OBJC_ISA_USAGE = YES_ERROR;
				CLANG_WARN_DOCUMENTATION_COMMENTS = YES;
				CLANG_WARN_EMPTY_BODY = YES;
				CLANG_WARN_ENUM_CONVERSION = YES;
				CLANG_WARN_INFINITE_RECURSION = YES;
				CLANG_WARN_INT_CONVERSION = YES;
				CLANG_WARN_NON_LITERAL_NULL_CONVERSION = YES;
				CLANG_WARN_OBJC_IMPLICIT_RETAIN_SELF = YES;
				CLANG_WARN_OBJC_LITERAL_CONVERSION = YES;
				CLANG_WARN_OBJC_ROOT_CLASS = YES_ERROR;
				CLANG_WARN_QUOTED_INCLUDE_IN_FRAMEWORK_HEADER = YES;
				CLANG_WARN_RANGE_LOOP_ANALYSIS = YES;
				CLANG_WARN_STRICT_PROTOTYPES = YES;
				CLANG_WARN_SUSPICIOUS_MOVE = YES;
				CLANG_WARN_UNGUARDED_AVAILABILITY = YES_AGGRESSIVE;
				CLANG_WARN_UNREACHABLE_CODE = YES;
				CLANG_WARN__DUPLICATE_METHOD_MATCH = YES;
				COPY_PHASE_STRIP = NO;
				DEBUG_INFORMATION_FORMAT = dwarf;
				ENABLE_STRICT_OBJC_MSGSEND = YES;
				ENABLE_TESTABILITY = YES;
				GCC_C_LANGUAGE_STANDARD = gnu11;
				GCC_DYNAMIC_NO_PIC = NO;
				GCC_NO_COMMON_BLOCKS = YES;
				GCC_OPTIMIZATION_LEVEL = 0;
				GCC_PREPROCESSOR_DEFINITIONS = (
					"DEBUG=1",
					"$(inherited)",
				);
				GCC_WARN_64_TO_32_BIT_CONVERSION = YES;
				GCC_WARN_ABOUT_RETURN_TYPE = YES_ERROR;
				GCC_WARN_UNDECLARED_SELECTOR = YES;
				GCC_WARN_UNINITIALIZED_AUTOS = YES_AGGRESSIVE;
				GCC_WARN_UNUSED_FUNCTION = YES;
				GCC_WARN_UNUSED_VARIABLE = YES;
				IPHONEOS_DEPLOYMENT_TARGET = 15.2;
				MTL_ENABLE_DEBUG_INFO = INCLUDE_SOURCE;
				MTL_FAST_MATH = YES;
				ONLY_ACTIVE_ARCH = YES;
				SDKROOT = iphoneos;
				SWIFT_ACTIVE_COMPILATION_CONDITIONS = DEBUG;
				SWIFT_OPTIMIZATION_LEVEL = "-Onone";
			};
			name = Debug;
		};
		992CC6B627BA236600D991A9 /* Release */ = {
			isa = XCBuildConfiguration;
			buildSettings = {
				ALWAYS_SEARCH_USER_PATHS = NO;
				CLANG_ANALYZER_NONNULL = YES;
				CLANG_ANALYZER_NUMBER_OBJECT_CONVERSION = YES_AGGRESSIVE;
				CLANG_CXX_LANGUAGE_STANDARD = "gnu++17";
				CLANG_CXX_LIBRARY = "libc++";
				CLANG_ENABLE_MODULES = YES;
				CLANG_ENABLE_OBJC_ARC = YES;
				CLANG_ENABLE_OBJC_WEAK = YES;
				CLANG_WARN_BLOCK_CAPTURE_AUTORELEASING = YES;
				CLANG_WARN_BOOL_CONVERSION = YES;
				CLANG_WARN_COMMA = YES;
				CLANG_WARN_CONSTANT_CONVERSION = YES;
				CLANG_WARN_DEPRECATED_OBJC_IMPLEMENTATIONS = YES;
				CLANG_WARN_DIRECT_OBJC_ISA_USAGE = YES_ERROR;
				CLANG_WARN_DOCUMENTATION_COMMENTS = YES;
				CLANG_WARN_EMPTY_BODY = YES;
				CLANG_WARN_ENUM_CONVERSION = YES;
				CLANG_WARN_INFINITE_RECURSION = YES;
				CLANG_WARN_INT_CONVERSION = YES;
				CLANG_WARN_NON_LITERAL_NULL_CONVERSION = YES;
				CLANG_WARN_OBJC_IMPLICIT_RETAIN_SELF = YES;
				CLANG_WARN_OBJC_LITERAL_CONVERSION = YES;
				CLANG_WARN_OBJC_ROOT_CLASS = YES_ERROR;
				CLANG_WARN_QUOTED_INCLUDE_IN_FRAMEWORK_HEADER = YES;
				CLANG_WARN_RANGE_LOOP_ANALYSIS = YES;
				CLANG_WARN_STRICT_PROTOTYPES = YES;
				CLANG_WARN_SUSPICIOUS_MOVE = YES;
				CLANG_WARN_UNGUARDED_AVAILABILITY = YES_AGGRESSIVE;
				CLANG_WARN_UNREACHABLE_CODE = YES;
				CLANG_WARN__DUPLICATE_METHOD_MATCH = YES;
				COPY_PHASE_STRIP = NO;
				DEBUG_INFORMATION_FORMAT = "dwarf-with-dsym";
				ENABLE_NS_ASSERTIONS = NO;
				ENABLE_STRICT_OBJC_MSGSEND = YES;
				GCC_C_LANGUAGE_STANDARD = gnu11;
				GCC_NO_COMMON_BLOCKS = YES;
				GCC_WARN_64_TO_32_BIT_CONVERSION = YES;
				GCC_WARN_ABOUT_RETURN_TYPE = YES_ERROR;
				GCC_WARN_UNDECLARED_SELECTOR = YES;
				GCC_WARN_UNINITIALIZED_AUTOS = YES_AGGRESSIVE;
				GCC_WARN_UNUSED_FUNCTION = YES;
				GCC_WARN_UNUSED_VARIABLE = YES;
				IPHONEOS_DEPLOYMENT_TARGET = 15.2;
				MTL_ENABLE_DEBUG_INFO = NO;
				MTL_FAST_MATH = YES;
				SDKROOT = iphoneos;
				SWIFT_COMPILATION_MODE = wholemodule;
				SWIFT_OPTIMIZATION_LEVEL = "-O";
				VALIDATE_PRODUCT = YES;
			};
			name = Release;
		};
		992CC6B827BA236600D991A9 /* Debug */ = {
			isa = XCBuildConfiguration;
			baseConfigurationReference = E1373918ED9B240B751CDEB1 /* Pods-MovieBookingApp.debug.xcconfig */;
			buildSettings = {
				ASSETCATALOG_COMPILER_APPICON_NAME = AppIcon;
				ASSETCATALOG_COMPILER_GLOBAL_ACCENT_COLOR_NAME = AccentColor;
				CODE_SIGN_STYLE = Automatic;
				CURRENT_PROJECT_VERSION = 1;
				DEVELOPMENT_TEAM = 585W2U7TXZ;
				GENERATE_INFOPLIST_FILE = YES;
				INFOPLIST_FILE = MovieBookingApp/Info.plist;
				INFOPLIST_KEY_CFBundleDisplayName = "Movie Booking";
				INFOPLIST_KEY_UIApplicationSupportsIndirectInputEvents = YES;
				INFOPLIST_KEY_UILaunchStoryboardName = LaunchScreen;
				INFOPLIST_KEY_UIMainStoryboardFile = Main;
				INFOPLIST_KEY_UISupportedInterfaceOrientations_iPad = "UIInterfaceOrientationPortrait UIInterfaceOrientationPortraitUpsideDown UIInterfaceOrientationLandscapeLeft UIInterfaceOrientationLandscapeRight";
				INFOPLIST_KEY_UISupportedInterfaceOrientations_iPhone = "UIInterfaceOrientationPortrait UIInterfaceOrientationLandscapeLeft UIInterfaceOrientationLandscapeRight";
				IPHONEOS_DEPLOYMENT_TARGET = 14.0;
				LD_RUNPATH_SEARCH_PATHS = (
					"$(inherited)",
					"@executable_path/Frameworks",
				);
				MARKETING_VERSION = 1.0;
				PRODUCT_BUNDLE_IDENTIFIER = com.htetaunglin.MovieBookingApp;
				PRODUCT_NAME = "$(TARGET_NAME)";
				SWIFT_EMIT_LOC_STRINGS = YES;
				SWIFT_VERSION = 5.0;
				TARGETED_DEVICE_FAMILY = "1,2";
			};
			name = Debug;
		};
		992CC6B927BA236600D991A9 /* Release */ = {
			isa = XCBuildConfiguration;
			baseConfigurationReference = D83BB0939584A5A8E0B37ADA /* Pods-MovieBookingApp.release.xcconfig */;
			buildSettings = {
				ASSETCATALOG_COMPILER_APPICON_NAME = AppIcon;
				ASSETCATALOG_COMPILER_GLOBAL_ACCENT_COLOR_NAME = AccentColor;
				CODE_SIGN_STYLE = Automatic;
				CURRENT_PROJECT_VERSION = 1;
				DEVELOPMENT_TEAM = 585W2U7TXZ;
				GENERATE_INFOPLIST_FILE = YES;
				INFOPLIST_FILE = MovieBookingApp/Info.plist;
				INFOPLIST_KEY_CFBundleDisplayName = "Movie Booking";
				INFOPLIST_KEY_UIApplicationSupportsIndirectInputEvents = YES;
				INFOPLIST_KEY_UILaunchStoryboardName = LaunchScreen;
				INFOPLIST_KEY_UIMainStoryboardFile = Main;
				INFOPLIST_KEY_UISupportedInterfaceOrientations_iPad = "UIInterfaceOrientationPortrait UIInterfaceOrientationPortraitUpsideDown UIInterfaceOrientationLandscapeLeft UIInterfaceOrientationLandscapeRight";
				INFOPLIST_KEY_UISupportedInterfaceOrientations_iPhone = "UIInterfaceOrientationPortrait UIInterfaceOrientationLandscapeLeft UIInterfaceOrientationLandscapeRight";
				IPHONEOS_DEPLOYMENT_TARGET = 14.0;
				LD_RUNPATH_SEARCH_PATHS = (
					"$(inherited)",
					"@executable_path/Frameworks",
				);
				MARKETING_VERSION = 1.0;
				PRODUCT_BUNDLE_IDENTIFIER = com.htetaunglin.MovieBookingApp;
				PRODUCT_NAME = "$(TARGET_NAME)";
				SWIFT_EMIT_LOC_STRINGS = YES;
				SWIFT_VERSION = 5.0;
				TARGETED_DEVICE_FAMILY = "1,2";
			};
			name = Release;
		};
/* End XCBuildConfiguration section */

/* Begin XCConfigurationList section */
		992CC69E27BA236500D991A9 /* Build configuration list for PBXProject "MovieBookingApp" */ = {
			isa = XCConfigurationList;
			buildConfigurations = (
				992CC6B527BA236600D991A9 /* Debug */,
				992CC6B627BA236600D991A9 /* Release */,
			);
			defaultConfigurationIsVisible = 0;
			defaultConfigurationName = Release;
		};
		992CC6B727BA236600D991A9 /* Build configuration list for PBXNativeTarget "MovieBookingApp" */ = {
			isa = XCConfigurationList;
			buildConfigurations = (
				992CC6B827BA236600D991A9 /* Debug */,
				992CC6B927BA236600D991A9 /* Release */,
			);
			defaultConfigurationIsVisible = 0;
			defaultConfigurationName = Release;
		};
/* End XCConfigurationList section */
	};
	rootObject = 992CC69B27BA236500D991A9 /* Project object */;
}
